PODS:
  - Alamofire (4.0.0)
  - AlamofireImage (3.0.0):
    - Alamofire (~> 4.0)
  - WistiaKit (0.11.0):
    - Alamofire (~> 4.0.0)
    - AlamofireImage (~> 3.0.0)

DEPENDENCIES:
  - Alamofire (~> 4.0.0)
  - AlamofireImage (~> 3.0.0)
  - WistiaKit (from `../`)

EXTERNAL SOURCES:
  WistiaKit:
    :path: "../"

SPEC CHECKSUMS:
  Alamofire: fef59f00388f267e52d9b432aa5d93dc97190f14
  AlamofireImage: 6594aa1139a67dcd36cde6da79ea4e5b318e60fb
  WistiaKit: 6ef32a619dcb75d189f21056d5114b74c745ea89

PODFILE CHECKSUM: d4fde49d4975eedf760aa424b0c61e8fa6d98900

COCOAPODS: 1.0.1
