PODS:
  - Alamofire (4.2.0)
  - AlamofireImage (3.2.0):
    - Alamofire (~> 4.1)
  - WistiaKit (0.19.0):
    - Alamofire (~> 4.0)
    - AlamofireImage (~> 3.0)

DEPENDENCIES:
  - Alamofire (~> 4.0)
  - AlamofireImage (~> 3.0)
  - WistiaKit (from `../`)

EXTERNAL SOURCES:
  WistiaKit:
    :path: "../"

SPEC CHECKSUMS:
  Alamofire: aa2e09d871c9160ac53c90e83c68064a94e3dfbe
  AlamofireImage: 157ed682cc81d3b9db4fb90c1f12180ac552d93b
  WistiaKit: e7253948ef02b1982cf901c216a3c956224a4ee0

PODFILE CHECKSUM: 932dd269919ae569103f7e2e7667feaeb47dd62d

COCOAPODS: 1.2.0.beta.3
