PODS:
  - Alamofire (3.4.0)
  - AlamofireImage (2.4.0):
    - Alamofire (~> 3.3)
  - WistiaKit (0.9.1):
    - Alamofire (~> 3.3)
    - AlamofireImage (~> 2.4)

DEPENDENCIES:
  - WistiaKit (from `../`)

EXTERNAL SOURCES:
  WistiaKit:
    :path: "../"

SPEC CHECKSUMS:
  Alamofire: c19a627cefd6a95f840401c49ab1f124e07f54ee
  AlamofireImage: 87408b652e0f5ae5fe364035f15aea8b9b24c77e
  WistiaKit: b32719bb503dc3f75efb18fac2c190ed9a280644

PODFILE CHECKSUM: 39f4e05824aa046cc4e791747aa25b4d2ab920db

COCOAPODS: 1.0.1
